
Microsoft Visual Studio Solution File, Format Version 12.00
# Visual Studio Version 16
VisualStudioVersion = 16.0.29709.97
MinimumVisualStudioVersion = 10.0.40219.1
Project("{FAE04EC0-301F-11D3-BF4B-00C04F79EFBC}") = "API", "API.csproj", "{DAF827A2-FEF3-4762-9A04-CFFA8320B6AB}"
EndProject
Global
	GlobalSection(SolutionConfigurationPlatforms) = preSolution
		Debug|Any CPU = Debug|Any CPU
		Release|Any CPU = Release|Any CPU
	EndGlobalSection
	GlobalSection(ProjectConfigurationPlatforms) = postSolution
		{DAF827A2-FEF3-4762-9A04-CFFA8320B6AB}.Debug|Any CPU.ActiveCfg = Debug|Any CPU
		{DAF827A2-FEF3-4762-9A04-CFFA8320B6AB}.Debug|Any CPU.Build.0 = Debug|Any CPU
		{DAF827A2-FEF3-4762-9A04-CFFA8320B6AB}.Release|Any CPU.ActiveCfg = Release|Any CPU
		{DAF827A2-FEF3-4762-9A04-CFFA8320B6AB}.Release|Any CPU.Build.0 = Release|Any CPU
	EndGlobalSection
	GlobalSection(SolutionProperties) = preSolution
		HideSolutionNode = FALSE
	EndGlobalSection
	GlobalSection(ExtensibilityGlobals) = postSolution
		SolutionGuid = {75D58A64-40F7-475E-B4A5-4C4DCB1FD305}
	EndGlobalSection
EndGlobal
